
Microsoft Visual Studio Solution File, Format Version 12.00
# Visual Studio Version 17
VisualStudioVersion = 17.14.36327.8
MinimumVisualStudioVersion = 10.0.40219.1
Project("{FAE04EC0-301F-11D3-BF4B-00C04F79EFBC}") = "Controller", "OOPAssignment\Controller.csproj", "{1CAEB913-6C2E-4C4F-A626-3674496DE77E}"
EndProject
Project("{FAE04EC0-301F-11D3-BF4B-00C04F79EFBC}") = "Network", "Network\Network.csproj", "{F0CB0D8B-EA39-4333-ADAF-9A7F1C0ED08E}"
EndProject
Global
	GlobalSection(SolutionConfigurationPlatforms) = preSolution
		Debug|Any CPU = Debug|Any CPU
		Release|Any CPU = Release|Any CPU
	EndGlobalSection
	GlobalSection(ProjectConfigurationPlatforms) = postSolution
		{1CAEB913-6C2E-4C4F-A626-3674496DE77E}.Debug|Any CPU.ActiveCfg = Debug|Any CPU
		{1CAEB913-6C2E-4C4F-A626-3674496DE77E}.Debug|Any CPU.Build.0 = Debug|Any CPU
		{1CAEB913-6C2E-4C4F-A626-3674496DE77E}.Release|Any CPU.ActiveCfg = Release|Any CPU
		{1CAEB913-6C2E-4C4F-A626-3674496DE77E}.Release|Any CPU.Build.0 = Release|Any CPU
		{F0CB0D8B-EA39-4333-ADAF-9A7F1C0ED08E}.Debug|Any CPU.ActiveCfg = Debug|Any CPU
		{F0CB0D8B-EA39-4333-ADAF-9A7F1C0ED08E}.Debug|Any CPU.Build.0 = Debug|Any CPU
		{F0CB0D8B-EA39-4333-ADAF-9A7F1C0ED08E}.Release|Any CPU.ActiveCfg = Release|Any CPU
		{F0CB0D8B-EA39-4333-ADAF-9A7F1C0ED08E}.Release|Any CPU.Build.0 = Release|Any CPU
	EndGlobalSection
	GlobalSection(SolutionProperties) = preSolution
		HideSolutionNode = FALSE
	EndGlobalSection
	GlobalSection(ExtensibilityGlobals) = postSolution
		SolutionGuid = {D515EB64-3407-460B-8A1E-50BF7B776347}
	EndGlobalSection
EndGlobal
